hash: a64b072fc70e34c34ae21298a8c64abce78853d15e4588edafdb1eb948bf9954
updated: 2016-02-12T14:42:14.475460184+05:30
imports:
- name: github.com/gorilla/context
  version: 1c83b3eabd45b6d76072b66b746c20815fb2872d
- name: github.com/gorilla/handlers
  version: b3aff83722cb2ae031a70cae984650e3a16cd20e
- name: github.com/gorilla/mux
  version: 26a6070f849969ba72b72256e9f14cf519751690
- name: github.com/gorilla/websocket
  version: b824a5d8536651ad2d690c17e270d58855dbfd02
devImports: []
